
Microsoft Visual Studio Solution File, Format Version 12.00
# Visual Studio Version 16
VisualStudioVersion = 16.0.30406.217
MinimumVisualStudioVersion = 10.0.40219.1
Project("{FAE04EC0-301F-11D3-BF4B-00C04F79EFBC}") = "BeenThere.Android", "BeenThere\BeenThere.Android\BeenThere.Android.csproj", "{DDCBAADC-9273-4892-844D-77D7423A1015}"
EndProject
Project("{FAE04EC0-301F-11D3-BF4B-00C04F79EFBC}") = "BeenThere.iOS", "BeenThere\BeenThere.iOS\BeenThere.iOS.csproj", "{A33B0F8B-D06E-4CD7-B842-E333A820E643}"
EndProject
Project("{FAE04EC0-301F-11D3-BF4B-00C04F79EFBC}") = "BeenThere", "BeenThere\BeenThere\BeenThere.csproj", "{0522D77D-B174-4A9C-9C28-4A5F58104013}"
EndProject
Global
	GlobalSection(SolutionConfigurationPlatforms) = preSolution
		Debug|Any CPU = Debug|Any CPU
		Debug|iPhone = Debug|iPhone
		Debug|iPhoneSimulator = Debug|iPhoneSimulator
		Release|Any CPU = Release|Any CPU
		Release|iPhone = Release|iPhone
		Release|iPhoneSimulator = Release|iPhoneSimulator
	EndGlobalSection
	GlobalSection(ProjectConfigurationPlatforms) = postSolution
		{DDCBAADC-9273-4892-844D-77D7423A1015}.Debug|Any CPU.ActiveCfg = Debug|Any CPU
		{DDCBAADC-9273-4892-844D-77D7423A1015}.Debug|Any CPU.Build.0 = Debug|Any CPU
		{DDCBAADC-9273-4892-844D-77D7423A1015}.Debug|Any CPU.Deploy.0 = Debug|Any CPU
		{DDCBAADC-9273-4892-844D-77D7423A1015}.Debug|iPhone.ActiveCfg = Debug|Any CPU
		{DDCBAADC-9273-4892-844D-77D7423A1015}.Debug|iPhone.Build.0 = Debug|Any CPU
		{DDCBAADC-9273-4892-844D-77D7423A1015}.Debug|iPhone.Deploy.0 = Debug|Any CPU
		{DDCBAADC-9273-4892-844D-77D7423A1015}.Debug|iPhoneSimulator.ActiveCfg = Debug|Any CPU
		{DDCBAADC-9273-4892-844D-77D7423A1015}.Debug|iPhoneSimulator.Build.0 = Debug|Any CPU
		{DDCBAADC-9273-4892-844D-77D7423A1015}.Debug|iPhoneSimulator.Deploy.0 = Debug|Any CPU
		{DDCBAADC-9273-4892-844D-77D7423A1015}.Release|Any CPU.ActiveCfg = Release|Any CPU
		{DDCBAADC-9273-4892-844D-77D7423A1015}.Release|Any CPU.Build.0 = Release|Any CPU
		{DDCBAADC-9273-4892-844D-77D7423A1015}.Release|Any CPU.Deploy.0 = Release|Any CPU
		{DDCBAADC-9273-4892-844D-77D7423A1015}.Release|iPhone.ActiveCfg = Release|Any CPU
		{DDCBAADC-9273-4892-844D-77D7423A1015}.Release|iPhone.Build.0 = Release|Any CPU
		{DDCBAADC-9273-4892-844D-77D7423A1015}.Release|iPhone.Deploy.0 = Release|Any CPU
		{DDCBAADC-9273-4892-844D-77D7423A1015}.Release|iPhoneSimulator.ActiveCfg = Release|Any CPU
		{DDCBAADC-9273-4892-844D-77D7423A1015}.Release|iPhoneSimulator.Build.0 = Release|Any CPU
		{DDCBAADC-9273-4892-844D-77D7423A1015}.Release|iPhoneSimulator.Deploy.0 = Release|Any CPU
		{A33B0F8B-D06E-4CD7-B842-E333A820E643}.Debug|Any CPU.ActiveCfg = Debug|iPhone
		{A33B0F8B-D06E-4CD7-B842-E333A820E643}.Debug|Any CPU.Build.0 = Debug|iPhone
		{A33B0F8B-D06E-4CD7-B842-E333A820E643}.Debug|Any CPU.Deploy.0 = Debug|iPhone
		{A33B0F8B-D06E-4CD7-B842-E333A820E643}.Debug|iPhone.ActiveCfg = Debug|iPhone
		{A33B0F8B-D06E-4CD7-B842-E333A820E643}.Debug|iPhone.Build.0 = Debug|iPhone
		{A33B0F8B-D06E-4CD7-B842-E333A820E643}.Debug|iPhone.Deploy.0 = Debug|iPhone
		{A33B0F8B-D06E-4CD7-B842-E333A820E643}.Debug|iPhoneSimulator.ActiveCfg = Debug|iPhoneSimulator
		{A33B0F8B-D06E-4CD7-B842-E333A820E643}.Debug|iPhoneSimulator.Build.0 = Debug|iPhoneSimulator
		{A33B0F8B-D06E-4CD7-B842-E333A820E643}.Debug|iPhoneSimulator.Deploy.0 = Debug|iPhoneSimulator
		{A33B0F8B-D06E-4CD7-B842-E333A820E643}.Release|Any CPU.ActiveCfg = Release|iPhone
		{A33B0F8B-D06E-4CD7-B842-E333A820E643}.Release|Any CPU.Build.0 = Release|iPhone
		{A33B0F8B-D06E-4CD7-B842-E333A820E643}.Release|Any CPU.Deploy.0 = Release|iPhone
		{A33B0F8B-D06E-4CD7-B842-E333A820E643}.Release|iPhone.ActiveCfg = Release|iPhone
		{A33B0F8B-D06E-4CD7-B842-E333A820E643}.Release|iPhone.Build.0 = Release|iPhone
		{A33B0F8B-D06E-4CD7-B842-E333A820E643}.Release|iPhone.Deploy.0 = Release|iPhone
		{A33B0F8B-D06E-4CD7-B842-E333A820E643}.Release|iPhoneSimulator.ActiveCfg = Release|iPhoneSimulator
		{A33B0F8B-D06E-4CD7-B842-E333A820E643}.Release|iPhoneSimulator.Build.0 = Release|iPhoneSimulator
		{A33B0F8B-D06E-4CD7-B842-E333A820E643}.Release|iPhoneSimulator.Deploy.0 = Release|iPhoneSimulator
		{0522D77D-B174-4A9C-9C28-4A5F58104013}.Debug|Any CPU.ActiveCfg = Debug|Any CPU
		{0522D77D-B174-4A9C-9C28-4A5F58104013}.Debug|Any CPU.Build.0 = Debug|Any CPU
		{0522D77D-B174-4A9C-9C28-4A5F58104013}.Debug|Any CPU.Deploy.0 = Debug|Any CPU
		{0522D77D-B174-4A9C-9C28-4A5F58104013}.Debug|iPhone.ActiveCfg = Debug|Any CPU
		{0522D77D-B174-4A9C-9C28-4A5F58104013}.Debug|iPhone.Build.0 = Debug|Any CPU
		{0522D77D-B174-4A9C-9C28-4A5F58104013}.Debug|iPhone.Deploy.0 = Debug|Any CPU
		{0522D77D-B174-4A9C-9C28-4A5F58104013}.Debug|iPhoneSimulator.ActiveCfg = Debug|Any CPU
		{0522D77D-B174-4A9C-9C28-4A5F58104013}.Debug|iPhoneSimulator.Build.0 = Debug|Any CPU
		{0522D77D-B174-4A9C-9C28-4A5F58104013}.Debug|iPhoneSimulator.Deploy.0 = Debug|Any CPU
		{0522D77D-B174-4A9C-9C28-4A5F58104013}.Release|Any CPU.ActiveCfg = Release|Any CPU
		{0522D77D-B174-4A9C-9C28-4A5F58104013}.Release|Any CPU.Build.0 = Release|Any CPU
		{0522D77D-B174-4A9C-9C28-4A5F58104013}.Release|Any CPU.Deploy.0 = Release|Any CPU
		{0522D77D-B174-4A9C-9C28-4A5F58104013}.Release|iPhone.ActiveCfg = Release|Any CPU
		{0522D77D-B174-4A9C-9C28-4A5F58104013}.Release|iPhone.Build.0 = Release|Any CPU
		{0522D77D-B174-4A9C-9C28-4A5F58104013}.Release|iPhone.Deploy.0 = Release|Any CPU
		{0522D77D-B174-4A9C-9C28-4A5F58104013}.Release|iPhoneSimulator.ActiveCfg = Release|Any CPU
		{0522D77D-B174-4A9C-9C28-4A5F58104013}.Release|iPhoneSimulator.Build.0 = Release|Any CPU
		{0522D77D-B174-4A9C-9C28-4A5F58104013}.Release|iPhoneSimulator.Deploy.0 = Release|Any CPU
	EndGlobalSection
	GlobalSection(SolutionProperties) = preSolution
		HideSolutionNode = FALSE
	EndGlobalSection
	GlobalSection(ExtensibilityGlobals) = postSolution
		SolutionGuid = {7D8E4311-CA55-453F-AB0B-7533BC163201}
	EndGlobalSection
EndGlobal
