
Microsoft Visual Studio Solution File, Format Version 12.00
# Visual Studio Version 16
VisualStudioVersion = 16.0.30406.217
MinimumVisualStudioVersion = 10.0.40219.1
Project("{FAE04EC0-301F-11D3-BF4B-00C04F79EFBC}") = "BeenThere.Android", "BeenThere\BeenThere.Android\BeenThere.Android.csproj", "{70AFEFB1-5B14-4DC9-894B-259DA0B2E3C1}"
EndProject
Project("{FAE04EC0-301F-11D3-BF4B-00C04F79EFBC}") = "BeenThere", "BeenThere\BeenThere\BeenThere.csproj", "{9A773B7F-9C7D-4C0D-87B7-E9EA24E12230}"
EndProject
Global
	GlobalSection(SolutionConfigurationPlatforms) = preSolution
		Debug|Any CPU = Debug|Any CPU
		Release|Any CPU = Release|Any CPU
	EndGlobalSection
	GlobalSection(ProjectConfigurationPlatforms) = postSolution
		{70AFEFB1-5B14-4DC9-894B-259DA0B2E3C1}.Debug|Any CPU.ActiveCfg = Debug|Any CPU
		{70AFEFB1-5B14-4DC9-894B-259DA0B2E3C1}.Debug|Any CPU.Build.0 = Debug|Any CPU
		{70AFEFB1-5B14-4DC9-894B-259DA0B2E3C1}.Debug|Any CPU.Deploy.0 = Debug|Any CPU
		{70AFEFB1-5B14-4DC9-894B-259DA0B2E3C1}.Release|Any CPU.ActiveCfg = Release|Any CPU
		{70AFEFB1-5B14-4DC9-894B-259DA0B2E3C1}.Release|Any CPU.Build.0 = Release|Any CPU
		{70AFEFB1-5B14-4DC9-894B-259DA0B2E3C1}.Release|Any CPU.Deploy.0 = Release|Any CPU
		{9A773B7F-9C7D-4C0D-87B7-E9EA24E12230}.Debug|Any CPU.ActiveCfg = Debug|Any CPU
		{9A773B7F-9C7D-4C0D-87B7-E9EA24E12230}.Debug|Any CPU.Build.0 = Debug|Any CPU
		{9A773B7F-9C7D-4C0D-87B7-E9EA24E12230}.Debug|Any CPU.Deploy.0 = Debug|Any CPU
		{9A773B7F-9C7D-4C0D-87B7-E9EA24E12230}.Release|Any CPU.ActiveCfg = Release|Any CPU
		{9A773B7F-9C7D-4C0D-87B7-E9EA24E12230}.Release|Any CPU.Build.0 = Release|Any CPU
		{9A773B7F-9C7D-4C0D-87B7-E9EA24E12230}.Release|Any CPU.Deploy.0 = Release|Any CPU
	EndGlobalSection
	GlobalSection(SolutionProperties) = preSolution
		HideSolutionNode = FALSE
	EndGlobalSection
	GlobalSection(ExtensibilityGlobals) = postSolution
		SolutionGuid = {0A487EB4-AB8C-40E7-9BC7-D986AAD92954}
	EndGlobalSection
EndGlobal
