
Microsoft Visual Studio Solution File, Format Version 12.00
# Visual Studio Version 16
VisualStudioVersion = 16.0.30406.217
MinimumVisualStudioVersion = 10.0.40219.1
Project("{FAE04EC0-301F-11D3-BF4B-00C04F79EFBC}") = "BeenThere.Android", "BeenThere.Android\BeenThere.Android.csproj", "{16E4325B-7F6B-4142-85AF-2FF962371635}"
EndProject
Project("{FAE04EC0-301F-11D3-BF4B-00C04F79EFBC}") = "BeenThere", "BeenThere\BeenThere.csproj", "{CE1943F8-9CFA-4ECB-A17C-C332851E2A7B}"
EndProject
Global
	GlobalSection(SolutionConfigurationPlatforms) = preSolution
		Debug|Any CPU = Debug|Any CPU
		Release|Any CPU = Release|Any CPU
	EndGlobalSection
	GlobalSection(ProjectConfigurationPlatforms) = postSolution
		{16E4325B-7F6B-4142-85AF-2FF962371635}.Debug|Any CPU.ActiveCfg = Debug|Any CPU
		{16E4325B-7F6B-4142-85AF-2FF962371635}.Debug|Any CPU.Build.0 = Debug|Any CPU
		{16E4325B-7F6B-4142-85AF-2FF962371635}.Debug|Any CPU.Deploy.0 = Debug|Any CPU
		{16E4325B-7F6B-4142-85AF-2FF962371635}.Release|Any CPU.ActiveCfg = Release|Any CPU
		{16E4325B-7F6B-4142-85AF-2FF962371635}.Release|Any CPU.Build.0 = Release|Any CPU
		{16E4325B-7F6B-4142-85AF-2FF962371635}.Release|Any CPU.Deploy.0 = Release|Any CPU
		{CE1943F8-9CFA-4ECB-A17C-C332851E2A7B}.Debug|Any CPU.ActiveCfg = Debug|Any CPU
		{CE1943F8-9CFA-4ECB-A17C-C332851E2A7B}.Debug|Any CPU.Build.0 = Debug|Any CPU
		{CE1943F8-9CFA-4ECB-A17C-C332851E2A7B}.Debug|Any CPU.Deploy.0 = Debug|Any CPU
		{CE1943F8-9CFA-4ECB-A17C-C332851E2A7B}.Release|Any CPU.ActiveCfg = Release|Any CPU
		{CE1943F8-9CFA-4ECB-A17C-C332851E2A7B}.Release|Any CPU.Build.0 = Release|Any CPU
		{CE1943F8-9CFA-4ECB-A17C-C332851E2A7B}.Release|Any CPU.Deploy.0 = Release|Any CPU
	EndGlobalSection
	GlobalSection(SolutionProperties) = preSolution
		HideSolutionNode = FALSE
	EndGlobalSection
	GlobalSection(ExtensibilityGlobals) = postSolution
		SolutionGuid = {57E6B53A-3CA2-40DF-94FC-8FD12DDBD286}
	EndGlobalSection
EndGlobal
